// !$*UTF8*$!
{
	archiveVersion = 1;
	classes = {
	};
	objectVersion = 46;
	objects = {

/* Begin PBXBuildFile section */
		C43301431D361CD00099E826 /* MainMenu.xib in Resources */ = {isa = PBXBuildFile; fileRef = C43301421D361CD00099E826 /* MainMenu.xib */; };
		C43D43F11D361A9000A450E0 /* AppDelegate.swift in Sources */ = {isa = PBXBuildFile; fileRef = C43D43F01D361A9000A450E0 /* AppDelegate.swift */; };
		C43D43F31D361A9000A450E0 /* Assets.xcassets in Resources */ = {isa = PBXBuildFile; fileRef = C43D43F21D361A9000A450E0 /* Assets.xcassets */; };
		C43D44021D361B3D00A450E0 /* Localizable.strings in Resources */ = {isa = PBXBuildFile; fileRef = C43D44011D361B3D00A450E0 /* Localizable.strings */; };
		C43D44061D361B5D00A450E0 /* AboutWindowController.swift in Sources */ = {isa = PBXBuildFile; fileRef = C43D44041D361B5D00A450E0 /* AboutWindowController.swift */; };
		C43D44071D361B5D00A450E0 /* PFAboutWindow.xib in Resources */ = {isa = PBXBuildFile; fileRef = C43D44051D361B5D00A450E0 /* PFAboutWindow.xib */; };
		C49808C21D362DC700BFEF17 /* Credits.rtf in Resources */ = {isa = PBXBuildFile; fileRef = C43D43FD1D361B2E00A450E0 /* Credits.rtf */; };
		C49808C31D362DD400BFEF17 /* EULA.rtf in Resources */ = {isa = PBXBuildFile; fileRef = C43D43FF1D361B3300A450E0 /* EULA.rtf */; };
/* End PBXBuildFile section */

/* Begin PBXFileReference section */
		C43301421D361CD00099E826 /* MainMenu.xib */ = {isa = PBXFileReference; fileEncoding = 4; lastKnownFileType = file.xib; path = MainMenu.xib; sourceTree = "<group>"; };
		C43D43ED1D361A9000A450E0 /* AboutWindowExample.app */ = {isa = PBXFileReference; explicitFileType = wrapper.application; includeInIndex = 0; path = AboutWindowExample.app; sourceTree = BUILT_PRODUCTS_DIR; };
		C43D43F01D361A9000A450E0 /* AppDelegate.swift */ = {isa = PBXFileReference; lastKnownFileType = sourcecode.swift; path = AppDelegate.swift; sourceTree = "<group>"; };
		C43D43F21D361A9000A450E0 /* Assets.xcassets */ = {isa = PBXFileReference; lastKnownFileType = folder.assetcatalog; path = Assets.xcassets; sourceTree = "<group>"; };
		C43D43F71D361A9000A450E0 /* Info.plist */ = {isa = PBXFileReference; lastKnownFileType = text.plist.xml; path = Info.plist; sourceTree = "<group>"; };
		C43D43FD1D361B2E00A450E0 /* Credits.rtf */ = {isa = PBXFileReference; fileEncoding = 4; lastKnownFileType = text.rtf; path = Credits.rtf; sourceTree = "<group>"; };
		C43D43FF1D361B3300A450E0 /* EULA.rtf */ = {isa = PBXFileReference; fileEncoding = 4; lastKnownFileType = text.rtf; path = EULA.rtf; sourceTree = "<group>"; };
		C43D44011D361B3D00A450E0 /* Localizable.strings */ = {isa = PBXFileReference; fileEncoding = 4; lastKnownFileType = text.plist.strings; path = Localizable.strings; sourceTree = "<group>"; };
		C43D44041D361B5D00A450E0 /* AboutWindowController.swift */ = {isa = PBXFileReference; fileEncoding = 4; lastKnownFileType = sourcecode.swift; path = AboutWindowController.swift; sourceTree = "<group>"; };
		C43D44051D361B5D00A450E0 /* PFAboutWindow.xib */ = {isa = PBXFileReference; fileEncoding = 4; lastKnownFileType = file.xib; path = PFAboutWindow.xib; sourceTree = "<group>"; };
/* End PBXFileReference section */

/* Begin PBXFrameworksBuildPhase section */
		C43D43EA1D361A9000A450E0 /* Frameworks */ = {
			isa = PBXFrameworksBuildPhase;
			buildActionMask = 2147483647;
			files = (
			);
			runOnlyForDeploymentPostprocessing = 0;
		};
/* End PBXFrameworksBuildPhase section */

/* Begin PBXGroup section */
		C43D43E41D361A9000A450E0 = {
			isa = PBXGroup;
			children = (
				C43D44031D361B5D00A450E0 /* AboutWindow */,
				C43D43EF1D361A9000A450E0 /* AboutWindowExample */,
				C43D43EE1D361A9000A450E0 /* Products */,
			);
			sourceTree = "<group>";
		};
		C43D43EE1D361A9000A450E0 /* Products */ = {
			isa = PBXGroup;
			children = (
				C43D43ED1D361A9000A450E0 /* AboutWindowExample.app */,
			);
			name = Products;
			sourceTree = "<group>";
		};
		C43D43EF1D361A9000A450E0 /* AboutWindowExample */ = {
			isa = PBXGroup;
			children = (
				C43D43F01D361A9000A450E0 /* AppDelegate.swift */,
				C43D43F21D361A9000A450E0 /* Assets.xcassets */,
				C43D43F71D361A9000A450E0 /* Info.plist */,
				C43301421D361CD00099E826 /* MainMenu.xib */,
				C43D43FD1D361B2E00A450E0 /* Credits.rtf */,
				C43D43FF1D361B3300A450E0 /* EULA.rtf */,
				C43D44011D361B3D00A450E0 /* Localizable.strings */,
			);
			path = AboutWindowExample;
			sourceTree = "<group>";
		};
		C43D44031D361B5D00A450E0 /* AboutWindow */ = {
			isa = PBXGroup;
			children = (
				C43D44041D361B5D00A450E0 /* AboutWindowController.swift */,
				C43D44051D361B5D00A450E0 /* PFAboutWindow.xib */,
			);
			name = AboutWindow;
			path = ../AboutWindow;
			sourceTree = "<group>";
		};
/* End PBXGroup section */

/* Begin PBXNativeTarget section */
		C43D43EC1D361A9000A450E0 /* AboutWindowExample */ = {
			isa = PBXNativeTarget;
			buildConfigurationList = C43D43FA1D361A9000A450E0 /* Build configuration list for PBXNativeTarget "AboutWindowExample" */;
			buildPhases = (
				C43D43E91D361A9000A450E0 /* Sources */,
				C43D43EA1D361A9000A450E0 /* Frameworks */,
				C43D43EB1D361A9000A450E0 /* Resources */,
			);
			buildRules = (
			);
			dependencies = (
			);
			name = AboutWindowExample;
			productName = AboutWindowExample;
			productReference = C43D43ED1D361A9000A450E0 /* AboutWindowExample.app */;
			productType = "com.apple.product-type.application";
		};
/* End PBXNativeTarget section */

/* Begin PBXProject section */
		C43D43E51D361A9000A450E0 /* Project object */ = {
			isa = PBXProject;
			attributes = {
				LastSwiftUpdateCheck = 0730;
				LastUpgradeCheck = 0730;
				ORGANIZATIONNAME = phimage;
				TargetAttributes = {
					C43D43EC1D361A9000A450E0 = {
						CreatedOnToolsVersion = 7.3.1;
					};
				};
			};
			buildConfigurationList = C43D43E81D361A9000A450E0 /* Build configuration list for PBXProject "AboutWindowExample" */;
			compatibilityVersion = "Xcode 3.2";
			developmentRegion = English;
			hasScannedForEncodings = 0;
			knownRegions = (
				en,
				Base,
			);
			mainGroup = C43D43E41D361A9000A450E0;
			productRefGroup = C43D43EE1D361A9000A450E0 /* Products */;
			projectDirPath = "";
			projectRoot = "";
			targets = (
				C43D43EC1D361A9000A450E0 /* AboutWindowExample */,
			);
		};
/* End PBXProject section */

/* Begin PBXResourcesBuildPhase section */
		C43D43EB1D361A9000A450E0 /* Resources */ = {
			isa = PBXResourcesBuildPhase;
			buildActionMask = 2147483647;
			files = (
				C43D43F31D361A9000A450E0 /* Assets.xcassets in Resources */,
				C49808C21D362DC700BFEF17 /* Credits.rtf in Resources */,
				C43D44021D361B3D00A450E0 /* Localizable.strings in Resources */,
				C43D44071D361B5D00A450E0 /* PFAboutWindow.xib in Resources */,
				C43301431D361CD00099E826 /* MainMenu.xib in Resources */,
				C49808C31D362DD400BFEF17 /* EULA.rtf in Resources */,
			);
			runOnlyForDeploymentPostprocessing = 0;
		};
/* End PBXResourcesBuildPhase section */

/* Begin PBXSourcesBuildPhase section */
		C43D43E91D361A9000A450E0 /* Sources */ = {
			isa = PBXSourcesBuildPhase;
			buildActionMask = 2147483647;
			files = (
				C43D43F11D361A9000A450E0 /* AppDelegate.swift in Sources */,
				C43D44061D361B5D00A450E0 /* AboutWindowController.swift in Sources */,
			);
			runOnlyForDeploymentPostprocessing = 0;
		};
/* End PBXSourcesBuildPhase section */

/* Begin XCBuildConfiguration section */
		C43D43F81D361A9000A450E0 /* Debug */ = {
			isa = XCBuildConfiguration;
			buildSettings = {
				ALWAYS_SEARCH_USER_PATHS = NO;
				CLANG_ANALYZER_NONNULL = YES;
				CLANG_CXX_LANGUAGE_STANDARD = "gnu++0x";
				CLANG_CXX_LIBRARY = "libc++";
				CLANG_ENABLE_MODULES = YES;
				CLANG_ENABLE_OBJC_ARC = YES;
				CLANG_WARN_BOOL_CONVERSION = YES;
				CLANG_WARN_CONSTANT_CONVERSION = YES;
				CLANG_WARN_DIRECT_OBJC_ISA_USAGE = YES_ERROR;
				CLANG_WARN_EMPTY_BODY = YES;
				CLANG_WARN_ENUM_CONVERSION = YES;
				CLANG_WARN_INT_CONVERSION = YES;
				CLANG_WARN_OBJC_ROOT_CLASS = YES_ERROR;
				CLANG_WARN_UNREACHABLE_CODE = YES;
				CLANG_WARN__DUPLICATE_METHOD_MATCH = YES;
				CODE_SIGN_IDENTITY = "-";
				COPY_PHASE_STRIP = NO;
				DEBUG_INFORMATION_FORMAT = dwarf;
				ENABLE_STRICT_OBJC_MSGSEND = YES;
				ENABLE_TESTABILITY = YES;
				GCC_C_LANGUAGE_STANDARD = gnu99;
				GCC_DYNAMIC_NO_PIC = NO;
				GCC_NO_COMMON_BLOCKS = YES;
				GCC_OPTIMIZATION_LEVEL = 0;
				GCC_PREPROCESSOR_DEFINITIONS = (
					"DEBUG=1",
					"$(inherited)",
				);
				GCC_WARN_64_TO_32_BIT_CONVERSION = YES;
				GCC_WARN_ABOUT_RETURN_TYPE = YES_ERROR;
				GCC_WARN_UNDECLARED_SELECTOR = YES;
				GCC_WARN_UNINITIALIZED_AUTOS = YES_AGGRESSIVE;
				GCC_WARN_UNUSED_FUNCTION = YES;
				GCC_WARN_UNUSED_VARIABLE = YES;
				MACOSX_DEPLOYMENT_TARGET = 10.11;
				MTL_ENABLE_DEBUG_INFO = YES;
				ONLY_ACTIVE_ARCH = YES;
				SDKROOT = macosx;
				SWIFT_OPTIMIZATION_LEVEL = "-Onone";
			};
			name = Debug;
		};
		C43D43F91D361A9000A450E0 /* Release */ = {
			isa = XCBuildConfiguration;
			buildSettings = {
				ALWAYS_SEARCH_USER_PATHS = NO;
				CLANG_ANALYZER_NONNULL = YES;
				CLANG_CXX_LANGUAGE_STANDARD = "gnu++0x";
				CLANG_CXX_LIBRARY = "libc++";
				CLANG_ENABLE_MODULES = YES;
				CLANG_ENABLE_OBJC_ARC = YES;
				CLANG_WARN_BOOL_CONVERSION = YES;
				CLANG_WARN_CONSTANT_CONVERSION = YES;
				CLANG_WARN_DIRECT_OBJC_ISA_USAGE = YES_ERROR;
				CLANG_WARN_EMPTY_BODY = YES;
				CLANG_WARN_ENUM_CONVERSION = YES;
				CLANG_WARN_INT_CONVERSION = YES;
				CLANG_WARN_OBJC_ROOT_CLASS = YES_ERROR;
				CLANG_WARN_UNREACHABLE_CODE = YES;
				CLANG_WARN__DUPLICATE_METHOD_MATCH = YES;
				CODE_SIGN_IDENTITY = "-";
				COPY_PHASE_STRIP = NO;
				DEBUG_INFORMATION_FORMAT = "dwarf-with-dsym";
				ENABLE_NS_ASSERTIONS = NO;
				ENABLE_STRICT_OBJC_MSGSEND = YES;
				GCC_C_LANGUAGE_STANDARD = gnu99;
				GCC_NO_COMMON_BLOCKS = YES;
				GCC_WARN_64_TO_32_BIT_CONVERSION = YES;
				GCC_WARN_ABOUT_RETURN_TYPE = YES_ERROR;
				GCC_WARN_UNDECLARED_SELECTOR = YES;
				GCC_WARN_UNINITIALIZED_AUTOS = YES_AGGRESSIVE;
				GCC_WARN_UNUSED_FUNCTION = YES;
				GCC_WARN_UNUSED_VARIABLE = YES;
				MACOSX_DEPLOYMENT_TARGET = 10.11;
				MTL_ENABLE_DEBUG_INFO = NO;
				SDKROOT = macosx;
			};
			name = Release;
		};
		C43D43FB1D361A9000A450E0 /* Debug */ = {
			isa = XCBuildConfiguration;
			buildSettings = {
				ASSETCATALOG_COMPILER_APPICON_NAME = AppIcon;
				COMBINE_HIDPI_IMAGES = YES;
				INFOPLIST_FILE = AboutWindowExample/Info.plist;
				LD_RUNPATH_SEARCH_PATHS = "$(inherited) @executable_path/../Frameworks";
				PRODUCT_BUNDLE_IDENTIFIER = fr.phimage.AboutWindowExample;
				PRODUCT_NAME = "$(TARGET_NAME)";
			};
			name = Debug;
		};
		C43D43FC1D361A9000A450E0 /* Release */ = {
			isa = XCBuildConfiguration;
			buildSettings = {
				ASSETCATALOG_COMPILER_APPICON_NAME = AppIcon;
				COMBINE_HIDPI_IMAGES = YES;
				INFOPLIST_FILE = AboutWindowExample/Info.plist;
				LD_RUNPATH_SEARCH_PATHS = "$(inherited) @executable_path/../Frameworks";
				PRODUCT_BUNDLE_IDENTIFIER = fr.phimage.AboutWindowExample;
				PRODUCT_NAME = "$(TARGET_NAME)";
			};
			name = Release;
		};
/* End XCBuildConfiguration section */

/* Begin XCConfigurationList section */
		C43D43E81D361A9000A450E0 /* Build configuration list for PBXProject "AboutWindowExample" */ = {
			isa = XCConfigurationList;
			buildConfigurations = (
				C43D43F81D361A9000A450E0 /* Debug */,
				C43D43F91D361A9000A450E0 /* Release */,
			);
			defaultConfigurationIsVisible = 0;
			defaultConfigurationName = Release;
		};
		C43D43FA1D361A9000A450E0 /* Build configuration list for PBXNativeTarget "AboutWindowExample" */ = {
			isa = XCConfigurationList;
			buildConfigurations = (
				C43D43FB1D361A9000A450E0 /* Debug */,
				C43D43FC1D361A9000A450E0 /* Release */,
			);
			defaultConfigurationIsVisible = 0;
			defaultConfigurationName = Release;
		};
/* End XCConfigurationList section */
	};
	rootObject = C43D43E51D361A9000A450E0 /* Project object */;
}
